{
  "originHash" : "0af6b242c83767073712df3fb78b30c36401e135ca61e66431bc4031f1717489",
  "pins" : [
    {
      "identity" : "sqlcipher",
      "kind" : "remoteSourceControl",
      "location" : "https://github.com/Tencent/sqlcipher",
      "state" : {
        "revision" : "5d8825c22feedb421ad6f9ecfc1399460e10d299",
        "version" : "1.4.7"
      }
    },
    {
      "identity" : "wcdb",
      "kind" : "remoteSourceControl",
      "location" : "https://github.com/Tencent/wcdb.git",
      "state" : {
        "revision" : "a62d7f12191843e1f095e3c37f46785ed04ebde8",
        "version" : "2.1.15"
      }
    }
  ],
  "version" : 3
}
